// !$*UTF8*$!
{
	archiveVersion = 1;
	classes = {
	};
	objectVersion = 46;
	objects = {

/* Begin PBXBuildFile section */
		0B66AFBA1A6E55040090E20A /* main.m in Sources */ = {isa = PBXBuildFile; fileRef = 0B66AFB91A6E55040090E20A /* main.m */; };
		0B66AFBD1A6E55040090E20A /* AppDelegate.m in Sources */ = {isa = PBXBuildFile; fileRef = 0B66AFBC1A6E55040090E20A /* AppDelegate.m */; };
		0B66AFC31A6E55040090E20A /* Main.storyboard in Resources */ = {isa = PBXBuildFile; fileRef = 0B66AFC11A6E55040090E20A /* Main.storyboard */; };
		0B66AFC51A6E55040090E20A /* Images.xcassets in Resources */ = {isa = PBXBuildFile; fileRef = 0B66AFC41A6E55040090E20A /* Images.xcassets */; };
		0B66AFC81A6E55040090E20A /* LaunchScreen.xib in Resources */ = {isa = PBXBuildFile; fileRef = 0B66AFC61A6E55040090E20A /* LaunchScreen.xib */; };
		0B66AFD41A6E55040090E20A /* Places_DynamicTests.m in Sources */ = {isa = PBXBuildFile; fileRef = 0B66AFD31A6E55040090E20A /* Places_DynamicTests.m */; };
		0B66AFDF1A6E55850090E20A /* PlacesTableViewController.m in Sources */ = {isa = PBXBuildFile; fileRef = 0B66AFDE1A6E55850090E20A /* PlacesTableViewController.m */; };
		0B66AFE61A6E55B90090E20A /* chinnar.jpg in Resources */ = {isa = PBXBuildFile; fileRef = 0B66AFE01A6E55B90090E20A /* chinnar.jpg */; };
		0B66AFE71A6E55B90090E20A /* idukki.jpg in Resources */ = {isa = PBXBuildFile; fileRef = 0B66AFE11A6E55B90090E20A /* idukki.jpg */; };
		0B66AFE81A6E55B90090E20A /* kanthalloor.jpg in Resources */ = {isa = PBXBuildFile; fileRef = 0B66AFE21A6E55B90090E20A /* kanthalloor.jpg */; };
		0B66AFE91A6E55B90090E20A /* marayoor.jpg in Resources */ = {isa = PBXBuildFile; fileRef = 0B66AFE31A6E55B90090E20A /* marayoor.jpg */; };
		0B66AFEA1A6E55B90090E20A /* munnar.jpg in Resources */ = {isa = PBXBuildFile; fileRef = 0B66AFE41A6E55B90090E20A /* munnar.jpg */; };
		0B66AFEB1A6E55B90090E20A /* thekkady.jpg in Resources */ = {isa = PBXBuildFile; fileRef = 0B66AFE51A6E55B90090E20A /* thekkady.jpg */; };
		0B7742FE1A6E661A00B07006 /* PlacesCellTableViewCell.m in Sources */ = {isa = PBXBuildFile; fileRef = 0B7742FD1A6E661A00B07006 /* PlacesCellTableViewCell.m */; };
		0B7743181A6E6A1A00B07006 /* 1Star.png in Resources */ = {isa = PBXBuildFile; fileRef = 0B7743001A6E6A1900B07006 /* 1Star.png */; };
		0B7743191A6E6A1A00B07006 /* 1Star@2x.png in Resources */ = {isa = PBXBuildFile; fileRef = 0B7743011A6E6A1900B07006 /* 1Star@2x.png */; };
		0B77431A1A6E6A1A00B07006 /* 1StarSmall.png in Resources */ = {isa = PBXBuildFile; fileRef = 0B7743021A6E6A1900B07006 /* 1StarSmall.png */; };
		0B77431B1A6E6A1A00B07006 /* 1StarSmall@2x.png in Resources */ = {isa = PBXBuildFile; fileRef = 0B7743031A6E6A1900B07006 /* 1StarSmall@2x.png */; };
		0B77431C1A6E6A1A00B07006 /* 2Stars.png in Resources */ = {isa = PBXBuildFile; fileRef = 0B7743041A6E6A1900B07006 /* 2Stars.png */; };
		0B77431D1A6E6A1A00B07006 /* 2Stars@2x.png in Resources */ = {isa = PBXBuildFile; fileRef = 0B7743051A6E6A1900B07006 /* 2Stars@2x.png */; };
		0B77431E1A6E6A1A00B07006 /* 2StarsSmall.png in Resources */ = {isa = PBXBuildFile; fileRef = 0B7743061A6E6A1900B07006 /* 2StarsSmall.png */; };
		0B77431F1A6E6A1A00B07006 /* 2StarsSmall@2x.png in Resources */ = {isa = PBXBuildFile; fileRef = 0B7743071A6E6A1900B07006 /* 2StarsSmall@2x.png */; };
		0B7743201A6E6A1A00B07006 /* 3Stars.png in Resources */ = {isa = PBXBuildFile; fileRef = 0B7743081A6E6A1900B07006 /* 3Stars.png */; };
		0B7743211A6E6A1A00B07006 /* 3Stars@2x.png in Resources */ = {isa = PBXBuildFile; fileRef = 0B7743091A6E6A1900B07006 /* 3Stars@2x.png */; };
		0B7743221A6E6A1A00B07006 /* 3StarsSmall.png in Resources */ = {isa = PBXBuildFile; fileRef = 0B77430A1A6E6A1900B07006 /* 3StarsSmall.png */; };
		0B7743231A6E6A1A00B07006 /* 3StarsSmall@2x.png in Resources */ = {isa = PBXBuildFile; fileRef = 0B77430B1A6E6A1A00B07006 /* 3StarsSmall@2x.png */; };
		0B7743241A6E6A1A00B07006 /* 4Stars.png in Resources */ = {isa = PBXBuildFile; fileRef = 0B77430C1A6E6A1A00B07006 /* 4Stars.png */; };
		0B7743251A6E6A1A00B07006 /* 4Stars@2x.png in Resources */ = {isa = PBXBuildFile; fileRef = 0B77430D1A6E6A1A00B07006 /* 4Stars@2x.png */; };
		0B7743261A6E6A1A00B07006 /* 4StarsSmall.png in Resources */ = {isa = PBXBuildFile; fileRef = 0B77430E1A6E6A1A00B07006 /* 4StarsSmall.png */; };
		0B7743271A6E6A1A00B07006 /* 4StarsSmall@2x.png in Resources */ = {isa = PBXBuildFile; fileRef = 0B77430F1A6E6A1A00B07006 /* 4StarsSmall@2x.png */; };
		0B7743281A6E6A1A00B07006 /* 5Stars.png in Resources */ = {isa = PBXBuildFile; fileRef = 0B7743101A6E6A1A00B07006 /* 5Stars.png */; };
		0B7743291A6E6A1A00B07006 /* 5Stars@2x.png in Resources */ = {isa = PBXBuildFile; fileRef = 0B7743111A6E6A1A00B07006 /* 5Stars@2x.png */; };
		0B77432A1A6E6A1A00B07006 /* 5StarsSmall.png in Resources */ = {isa = PBXBuildFile; fileRef = 0B7743121A6E6A1A00B07006 /* 5StarsSmall.png */; };
		0B77432B1A6E6A1A00B07006 /* 5StarsSmall@2x.png in Resources */ = {isa = PBXBuildFile; fileRef = 0B7743131A6E6A1A00B07006 /* 5StarsSmall@2x.png */; };
/* End PBXBuildFile section */

/* Begin PBXContainerItemProxy section */
		0B66AFCE1A6E55040090E20A /* PBXContainerItemProxy */ = {
			isa = PBXContainerItemProxy;
			containerPortal = 0B66AFAC1A6E55040090E20A /* Project object */;
			proxyType = 1;
			remoteGlobalIDString = 0B66AFB31A6E55040090E20A;
			remoteInfo = "Places Dynamic";
		};
/* End PBXContainerItemProxy section */

/* Begin PBXFileReference section */
		0B66AFB41A6E55040090E20A /* Places Dynamic.app */ = {isa = PBXFileReference; explicitFileType = wrapper.application; includeInIndex = 0; path = "Places Dynamic.app"; sourceTree = BUILT_PRODUCTS_DIR; };
		0B66AFB81A6E55040090E20A /* Info.plist */ = {isa = PBXFileReference; lastKnownFileType = text.plist.xml; path = Info.plist; sourceTree = "<group>"; };
		0B66AFB91A6E55040090E20A /* main.m */ = {isa = PBXFileReference; lastKnownFileType = sourcecode.c.objc; path = main.m; sourceTree = "<group>"; };
		0B66AFBB1A6E55040090E20A /* AppDelegate.h */ = {isa = PBXFileReference; lastKnownFileType = sourcecode.c.h; path = AppDelegate.h; sourceTree = "<group>"; };
		0B66AFBC1A6E55040090E20A /* AppDelegate.m */ = {isa = PBXFileReference; lastKnownFileType = sourcecode.c.objc; path = AppDelegate.m; sourceTree = "<group>"; };
		0B66AFC21A6E55040090E20A /* Base */ = {isa = PBXFileReference; lastKnownFileType = file.storyboard; name = Base; path = Base.lproj/Main.storyboard; sourceTree = "<group>"; };
		0B66AFC41A6E55040090E20A /* Images.xcassets */ = {isa = PBXFileReference; lastKnownFileType = folder.assetcatalog; path = Images.xcassets; sourceTree = "<group>"; };
		0B66AFC71A6E55040090E20A /* Base */ = {isa = PBXFileReference; lastKnownFileType = file.xib; name = Base; path = Base.lproj/LaunchScreen.xib; sourceTree = "<group>"; };
		0B66AFCD1A6E55040090E20A /* Places DynamicTests.xctest */ = {isa = PBXFileReference; explicitFileType = wrapper.cfbundle; includeInIndex = 0; path = "Places DynamicTests.xctest"; sourceTree = BUILT_PRODUCTS_DIR; };
		0B66AFD21A6E55040090E20A /* Info.plist */ = {isa = PBXFileReference; lastKnownFileType = text.plist.xml; path = Info.plist; sourceTree = "<group>"; };
		0B66AFD31A6E55040090E20A /* Places_DynamicTests.m */ = {isa = PBXFileReference; lastKnownFileType = sourcecode.c.objc; path = Places_DynamicTests.m; sourceTree = "<group>"; };
		0B66AFDD1A6E55850090E20A /* PlacesTableViewController.h */ = {isa = PBXFileReference; fileEncoding = 4; lastKnownFileType = sourcecode.c.h; path = PlacesTableViewController.h; sourceTree = "<group>"; };
		0B66AFDE1A6E55850090E20A /* PlacesTableViewController.m */ = {isa = PBXFileReference; fileEncoding = 4; lastKnownFileType = sourcecode.c.objc; path = PlacesTableViewController.m; sourceTree = "<group>"; };
		0B66AFE01A6E55B90090E20A /* chinnar.jpg */ = {isa = PBXFileReference; lastKnownFileType = image.jpeg; path = chinnar.jpg; sourceTree = "<group>"; };
		0B66AFE11A6E55B90090E20A /* idukki.jpg */ = {isa = PBXFileReference; lastKnownFileType = image.jpeg; path = idukki.jpg; sourceTree = "<group>"; };
		0B66AFE21A6E55B90090E20A /* kanthalloor.jpg */ = {isa = PBXFileReference; lastKnownFileType = image.jpeg; path = kanthalloor.jpg; sourceTree = "<group>"; };
		0B66AFE31A6E55B90090E20A /* marayoor.jpg */ = {isa = PBXFileReference; lastKnownFileType = image.jpeg; path = marayoor.jpg; sourceTree = "<group>"; };
		0B66AFE41A6E55B90090E20A /* munnar.jpg */ = {isa = PBXFileReference; lastKnownFileType = image.jpeg; path = munnar.jpg; sourceTree = "<group>"; };
		0B66AFE51A6E55B90090E20A /* thekkady.jpg */ = {isa = PBXFileReference; lastKnownFileType = image.jpeg; path = thekkady.jpg; sourceTree = "<group>"; };
		0B7742FC1A6E661A00B07006 /* PlacesCellTableViewCell.h */ = {isa = PBXFileReference; fileEncoding = 4; lastKnownFileType = sourcecode.c.h; path = PlacesCellTableViewCell.h; sourceTree = "<group>"; };
		0B7742FD1A6E661A00B07006 /* PlacesCellTableViewCell.m */ = {isa = PBXFileReference; fileEncoding = 4; lastKnownFileType = sourcecode.c.objc; path = PlacesCellTableViewCell.m; sourceTree = "<group>"; };
		0B7743001A6E6A1900B07006 /* 1Star.png */ = {isa = PBXFileReference; lastKnownFileType = image.png; path = 1Star.png; sourceTree = "<group>"; };
		0B7743011A6E6A1900B07006 /* 1Star@2x.png */ = {isa = PBXFileReference; lastKnownFileType = image.png; path = "1Star@2x.png"; sourceTree = "<group>"; };
		0B7743021A6E6A1900B07006 /* 1StarSmall.png */ = {isa = PBXFileReference; lastKnownFileType = image.png; path = 1StarSmall.png; sourceTree = "<group>"; };
		0B7743031A6E6A1900B07006 /* 1StarSmall@2x.png */ = {isa = PBXFileReference; lastKnownFileType = image.png; path = "1StarSmall@2x.png"; sourceTree = "<group>"; };
		0B7743041A6E6A1900B07006 /* 2Stars.png */ = {isa = PBXFileReference; lastKnownFileType = image.png; path = 2Stars.png; sourceTree = "<group>"; };
		0B7743051A6E6A1900B07006 /* 2Stars@2x.png */ = {isa = PBXFileReference; lastKnownFileType = image.png; path = "2Stars@2x.png"; sourceTree = "<group>"; };
		0B7743061A6E6A1900B07006 /* 2StarsSmall.png */ = {isa = PBXFileReference; lastKnownFileType = image.png; path = 2StarsSmall.png; sourceTree = "<group>"; };
		0B7743071A6E6A1900B07006 /* 2StarsSmall@2x.png */ = {isa = PBXFileReference; lastKnownFileType = image.png; path = "2StarsSmall@2x.png"; sourceTree = "<group>"; };
		0B7743081A6E6A1900B07006 /* 3Stars.png */ = {isa = PBXFileReference; lastKnownFileType = image.png; path = 3Stars.png; sourceTree = "<group>"; };
		0B7743091A6E6A1900B07006 /* 3Stars@2x.png */ = {isa = PBXFileReference; lastKnownFileType = image.png; path = "3Stars@2x.png"; sourceTree = "<group>"; };
		0B77430A1A6E6A1900B07006 /* 3StarsSmall.png */ = {isa = PBXFileReference; lastKnownFileType = image.png; path = 3StarsSmall.png; sourceTree = "<group>"; };
		0B77430B1A6E6A1A00B07006 /* 3StarsSmall@2x.png */ = {isa = PBXFileReference; lastKnownFileType = image.png; path = "3StarsSmall@2x.png"; sourceTree = "<group>"; };
		0B77430C1A6E6A1A00B07006 /* 4Stars.png */ = {isa = PBXFileReference; lastKnownFileType = image.png; path = 4Stars.png; sourceTree = "<group>"; };
		0B77430D1A6E6A1A00B07006 /* 4Stars@2x.png */ = {isa = PBXFileReference; lastKnownFileType = image.png; path = "4Stars@2x.png"; sourceTree = "<group>"; };
		0B77430E1A6E6A1A00B07006 /* 4StarsSmall.png */ = {isa = PBXFileReference; lastKnownFileType = image.png; path = 4StarsSmall.png; sourceTree = "<group>"; };
		0B77430F1A6E6A1A00B07006 /* 4StarsSmall@2x.png */ = {isa = PBXFileReference; lastKnownFileType = image.png; path = "4StarsSmall@2x.png"; sourceTree = "<group>"; };
		0B7743101A6E6A1A00B07006 /* 5Stars.png */ = {isa = PBXFileReference; lastKnownFileType = image.png; path = 5Stars.png; sourceTree = "<group>"; };
		0B7743111A6E6A1A00B07006 /* 5Stars@2x.png */ = {isa = PBXFileReference; lastKnownFileType = image.png; path = "5Stars@2x.png"; sourceTree = "<group>"; };
		0B7743121A6E6A1A00B07006 /* 5StarsSmall.png */ = {isa = PBXFileReference; lastKnownFileType = image.png; path = 5StarsSmall.png; sourceTree = "<group>"; };
		0B7743131A6E6A1A00B07006 /* 5StarsSmall@2x.png */ = {isa = PBXFileReference; lastKnownFileType = image.png; path = "5StarsSmall@2x.png"; sourceTree = "<group>"; };
/* End PBXFileReference section */

/* Begin PBXFrameworksBuildPhase section */
		0B66AFB11A6E55040090E20A /* Frameworks */ = {
			isa = PBXFrameworksBuildPhase;
			buildActionMask = 2147483647;
			files = (
			);
			runOnlyForDeploymentPostprocessing = 0;
		};
		0B66AFCA1A6E55040090E20A /* Frameworks */ = {
			isa = PBXFrameworksBuildPhase;
			buildActionMask = 2147483647;
			files = (
			);
			runOnlyForDeploymentPostprocessing = 0;
		};
/* End PBXFrameworksBuildPhase section */

/* Begin PBXGroup section */
		0B66AFAB1A6E55040090E20A = {
			isa = PBXGroup;
			children = (
				0B66AFB61A6E55040090E20A /* Places Dynamic */,
				0B66AFD01A6E55040090E20A /* Places DynamicTests */,
				0B66AFB51A6E55040090E20A /* Products */,
			);
			sourceTree = "<group>";
		};
		0B66AFB51A6E55040090E20A /* Products */ = {
			isa = PBXGroup;
			children = (
				0B66AFB41A6E55040090E20A /* Places Dynamic.app */,
				0B66AFCD1A6E55040090E20A /* Places DynamicTests.xctest */,
			);
			name = Products;
			sourceTree = "<group>";
		};
		0B66AFB61A6E55040090E20A /* Places Dynamic */ = {
			isa = PBXGroup;
			children = (
				0B7743301A6E6A2A00B07006 /* Places_Images */,
				0B7742FF1A6E6A1900B07006 /* Ratings_Images */,
				0B66AFBB1A6E55040090E20A /* AppDelegate.h */,
				0B66AFBC1A6E55040090E20A /* AppDelegate.m */,
				0B66AFC11A6E55040090E20A /* Main.storyboard */,
				0B66AFDD1A6E55850090E20A /* PlacesTableViewController.h */,
				0B66AFDE1A6E55850090E20A /* PlacesTableViewController.m */,
				0B7742FC1A6E661A00B07006 /* PlacesCellTableViewCell.h */,
				0B7742FD1A6E661A00B07006 /* PlacesCellTableViewCell.m */,
				0B66AFC41A6E55040090E20A /* Images.xcassets */,
				0B66AFC61A6E55040090E20A /* LaunchScreen.xib */,
				0B66AFB71A6E55040090E20A /* Supporting Files */,
			);
			path = "Places Dynamic";
			sourceTree = "<group>";
		};
		0B66AFB71A6E55040090E20A /* Supporting Files */ = {
			isa = PBXGroup;
			children = (
				0B66AFB81A6E55040090E20A /* Info.plist */,
				0B66AFB91A6E55040090E20A /* main.m */,
			);
			name = "Supporting Files";
			sourceTree = "<group>";
		};
		0B66AFD01A6E55040090E20A /* Places DynamicTests */ = {
			isa = PBXGroup;
			children = (
				0B66AFD31A6E55040090E20A /* Places_DynamicTests.m */,
				0B66AFD11A6E55040090E20A /* Supporting Files */,
			);
			path = "Places DynamicTests";
			sourceTree = "<group>";
		};
		0B66AFD11A6E55040090E20A /* Supporting Files */ = {
			isa = PBXGroup;
			children = (
				0B66AFD21A6E55040090E20A /* Info.plist */,
			);
			name = "Supporting Files";
			sourceTree = "<group>";
		};
		0B7742FF1A6E6A1900B07006 /* Ratings_Images */ = {
			isa = PBXGroup;
			children = (
				0B7743001A6E6A1900B07006 /* 1Star.png */,
				0B7743011A6E6A1900B07006 /* 1Star@2x.png */,
				0B7743021A6E6A1900B07006 /* 1StarSmall.png */,
				0B7743031A6E6A1900B07006 /* 1StarSmall@2x.png */,
				0B7743041A6E6A1900B07006 /* 2Stars.png */,
				0B7743051A6E6A1900B07006 /* 2Stars@2x.png */,
				0B7743061A6E6A1900B07006 /* 2StarsSmall.png */,
				0B7743071A6E6A1900B07006 /* 2StarsSmall@2x.png */,
				0B7743081A6E6A1900B07006 /* 3Stars.png */,
				0B7743091A6E6A1900B07006 /* 3Stars@2x.png */,
				0B77430A1A6E6A1900B07006 /* 3StarsSmall.png */,
				0B77430B1A6E6A1A00B07006 /* 3StarsSmall@2x.png */,
				0B77430C1A6E6A1A00B07006 /* 4Stars.png */,
				0B77430D1A6E6A1A00B07006 /* 4Stars@2x.png */,
				0B77430E1A6E6A1A00B07006 /* 4StarsSmall.png */,
				0B77430F1A6E6A1A00B07006 /* 4StarsSmall@2x.png */,
				0B7743101A6E6A1A00B07006 /* 5Stars.png */,
				0B7743111A6E6A1A00B07006 /* 5Stars@2x.png */,
				0B7743121A6E6A1A00B07006 /* 5StarsSmall.png */,
				0B7743131A6E6A1A00B07006 /* 5StarsSmall@2x.png */,
			);
			name = Ratings_Images;
			path = Images;
			sourceTree = "<group>";
		};
		0B7743301A6E6A2A00B07006 /* Places_Images */ = {
			isa = PBXGroup;
			children = (
				0B66AFE01A6E55B90090E20A /* chinnar.jpg */,
				0B66AFE11A6E55B90090E20A /* idukki.jpg */,
				0B66AFE21A6E55B90090E20A /* kanthalloor.jpg */,
				0B66AFE31A6E55B90090E20A /* marayoor.jpg */,
				0B66AFE41A6E55B90090E20A /* munnar.jpg */,
				0B66AFE51A6E55B90090E20A /* thekkady.jpg */,
			);
			name = Places_Images;
			sourceTree = "<group>";
		};
/* End PBXGroup section */

/* Begin PBXNativeTarget section */
		0B66AFB31A6E55040090E20A /* Places Dynamic */ = {
			isa = PBXNativeTarget;
			buildConfigurationList = 0B66AFD71A6E55040090E20A /* Build configuration list for PBXNativeTarget "Places Dynamic" */;
			buildPhases = (
				0B66AFB01A6E55040090E20A /* Sources */,
				0B66AFB11A6E55040090E20A /* Frameworks */,
				0B66AFB21A6E55040090E20A /* Resources */,
			);
			buildRules = (
			);
			dependencies = (
			);
			name = "Places Dynamic";
			productName = "Places Dynamic";
			productReference = 0B66AFB41A6E55040090E20A /* Places Dynamic.app */;
			productType = "com.apple.product-type.application";
		};
		0B66AFCC1A6E55040090E20A /* Places DynamicTests */ = {
			isa = PBXNativeTarget;
			buildConfigurationList = 0B66AFDA1A6E55040090E20A /* Build configuration list for PBXNativeTarget "Places DynamicTests" */;
			buildPhases = (
				0B66AFC91A6E55040090E20A /* Sources */,
				0B66AFCA1A6E55040090E20A /* Frameworks */,
				0B66AFCB1A6E55040090E20A /* Resources */,
			);
			buildRules = (
			);
			dependencies = (
				0B66AFCF1A6E55040090E20A /* PBXTargetDependency */,
			);
			name = "Places DynamicTests";
			productName = "Places DynamicTests";
			productReference = 0B66AFCD1A6E55040090E20A /* Places DynamicTests.xctest */;
			productType = "com.apple.product-type.bundle.unit-test";
		};
/* End PBXNativeTarget section */

/* Begin PBXProject section */
		0B66AFAC1A6E55040090E20A /* Project object */ = {
			isa = PBXProject;
			attributes = {
				LastUpgradeCheck = 0610;
				ORGANIZATIONNAME = qbuser;
				TargetAttributes = {
					0B66AFB31A6E55040090E20A = {
						CreatedOnToolsVersion = 6.1;
					};
					0B66AFCC1A6E55040090E20A = {
						CreatedOnToolsVersion = 6.1;
						TestTargetID = 0B66AFB31A6E55040090E20A;
					};
				};
			};
			buildConfigurationList = 0B66AFAF1A6E55040090E20A /* Build configuration list for PBXProject "Places Dynamic" */;
			compatibilityVersion = "Xcode 3.2";
			developmentRegion = English;
			hasScannedForEncodings = 0;
			knownRegions = (
				en,
				Base,
			);
			mainGroup = 0B66AFAB1A6E55040090E20A;
			productRefGroup = 0B66AFB51A6E55040090E20A /* Products */;
			projectDirPath = "";
			projectRoot = "";
			targets = (
				0B66AFB31A6E55040090E20A /* Places Dynamic */,
				0B66AFCC1A6E55040090E20A /* Places DynamicTests */,
			);
		};
/* End PBXProject section */

/* Begin PBXResourcesBuildPhase section */
		0B66AFB21A6E55040090E20A /* Resources */ = {
			isa = PBXResourcesBuildPhase;
			buildActionMask = 2147483647;
			files = (
				0B66AFC31A6E55040090E20A /* Main.storyboard in Resources */,
				0B7743291A6E6A1A00B07006 /* 5Stars@2x.png in Resources */,
				0B66AFE81A6E55B90090E20A /* kanthalloor.jpg in Resources */,
				0B7743271A6E6A1A00B07006 /* 4StarsSmall@2x.png in Resources */,
				0B77432B1A6E6A1A00B07006 /* 5StarsSmall@2x.png in Resources */,
				0B66AFEA1A6E55B90090E20A /* munnar.jpg in Resources */,
				0B66AFE61A6E55B90090E20A /* chinnar.jpg in Resources */,
				0B66AFE71A6E55B90090E20A /* idukki.jpg in Resources */,
				0B7743201A6E6A1A00B07006 /* 3Stars.png in Resources */,
				0B7743231A6E6A1A00B07006 /* 3StarsSmall@2x.png in Resources */,
				0B66AFC81A6E55040090E20A /* LaunchScreen.xib in Resources */,
				0B77431F1A6E6A1A00B07006 /* 2StarsSmall@2x.png in Resources */,
				0B77431D1A6E6A1A00B07006 /* 2Stars@2x.png in Resources */,
				0B66AFEB1A6E55B90090E20A /* thekkady.jpg in Resources */,
				0B7743181A6E6A1A00B07006 /* 1Star.png in Resources */,
				0B77431C1A6E6A1A00B07006 /* 2Stars.png in Resources */,
				0B7743211A6E6A1A00B07006 /* 3Stars@2x.png in Resources */,
				0B77431E1A6E6A1A00B07006 /* 2StarsSmall.png in Resources */,
				0B66AFE91A6E55B90090E20A /* marayoor.jpg in Resources */,
				0B7743221A6E6A1A00B07006 /* 3StarsSmall.png in Resources */,
				0B77431A1A6E6A1A00B07006 /* 1StarSmall.png in Resources */,
				0B77431B1A6E6A1A00B07006 /* 1StarSmall@2x.png in Resources */,
				0B77432A1A6E6A1A00B07006 /* 5StarsSmall.png in Resources */,
				0B66AFC51A6E55040090E20A /* Images.xcassets in Resources */,
				0B7743261A6E6A1A00B07006 /* 4StarsSmall.png in Resources */,
				0B7743241A6E6A1A00B07006 /* 4Stars.png in Resources */,
				0B7743191A6E6A1A00B07006 /* 1Star@2x.png in Resources */,
				0B7743251A6E6A1A00B07006 /* 4Stars@2x.png in Resources */,
				0B7743281A6E6A1A00B07006 /* 5Stars.png in Resources */,
			);
			runOnlyForDeploymentPostprocessing = 0;
		};
		0B66AFCB1A6E55040090E20A /* Resources */ = {
			isa = PBXResourcesBuildPhase;
			buildActionMask = 2147483647;
			files = (
			);
			runOnlyForDeploymentPostprocessing = 0;
		};
/* End PBXResourcesBuildPhase section */

/* Begin PBXSourcesBuildPhase section */
		0B66AFB01A6E55040090E20A /* Sources */ = {
			isa = PBXSourcesBuildPhase;
			buildActionMask = 2147483647;
			files = (
				0B66AFBD1A6E55040090E20A /* AppDelegate.m in Sources */,
				0B66AFDF1A6E55850090E20A /* PlacesTableViewController.m in Sources */,
				0B66AFBA1A6E55040090E20A /* main.m in Sources */,
				0B7742FE1A6E661A00B07006 /* PlacesCellTableViewCell.m in Sources */,
			);
			runOnlyForDeploymentPostprocessing = 0;
		};
		0B66AFC91A6E55040090E20A /* Sources */ = {
			isa = PBXSourcesBuildPhase;
			buildActionMask = 2147483647;
			files = (
				0B66AFD41A6E55040090E20A /* Places_DynamicTests.m in Sources */,
			);
			runOnlyForDeploymentPostprocessing = 0;
		};
/* End PBXSourcesBuildPhase section */

/* Begin PBXTargetDependency section */
		0B66AFCF1A6E55040090E20A /* PBXTargetDependency */ = {
			isa = PBXTargetDependency;
			target = 0B66AFB31A6E55040090E20A /* Places Dynamic */;
			targetProxy = 0B66AFCE1A6E55040090E20A /* PBXContainerItemProxy */;
		};
/* End PBXTargetDependency section */

/* Begin PBXVariantGroup section */
		0B66AFC11A6E55040090E20A /* Main.storyboard */ = {
			isa = PBXVariantGroup;
			children = (
				0B66AFC21A6E55040090E20A /* Base */,
			);
			name = Main.storyboard;
			sourceTree = "<group>";
		};
		0B66AFC61A6E55040090E20A /* LaunchScreen.xib */ = {
			isa = PBXVariantGroup;
			children = (
				0B66AFC71A6E55040090E20A /* Base */,
			);
			name = LaunchScreen.xib;
			sourceTree = "<group>";
		};
/* End PBXVariantGroup section */

/* Begin XCBuildConfiguration section */
		0B66AFD51A6E55040090E20A /* Debug */ = {
			isa = XCBuildConfiguration;
			buildSettings = {
				ALWAYS_SEARCH_USER_PATHS = NO;
				CLANG_CXX_LANGUAGE_STANDARD = "gnu++0x";
				CLANG_CXX_LIBRARY = "libc++";
				CLANG_ENABLE_MODULES = YES;
				CLANG_ENABLE_OBJC_ARC = YES;
				CLANG_WARN_BOOL_CONVERSION = YES;
				CLANG_WARN_CONSTANT_CONVERSION = YES;
				CLANG_WARN_DIRECT_OBJC_ISA_USAGE = YES_ERROR;
				CLANG_WARN_EMPTY_BODY = YES;
				CLANG_WARN_ENUM_CONVERSION = YES;
				CLANG_WARN_INT_CONVERSION = YES;
				CLANG_WARN_OBJC_ROOT_CLASS = YES_ERROR;
				CLANG_WARN_UNREACHABLE_CODE = YES;
				CLANG_WARN__DUPLICATE_METHOD_MATCH = YES;
				"CODE_SIGN_IDENTITY[sdk=iphoneos*]" = "iPhone Developer";
				COPY_PHASE_STRIP = NO;
				ENABLE_STRICT_OBJC_MSGSEND = YES;
				GCC_C_LANGUAGE_STANDARD = gnu99;
				GCC_DYNAMIC_NO_PIC = NO;
				GCC_OPTIMIZATION_LEVEL = 0;
				GCC_PREPROCESSOR_DEFINITIONS = (
					"DEBUG=1",
					"$(inherited)",
				);
				GCC_SYMBOLS_PRIVATE_EXTERN = NO;
				GCC_WARN_64_TO_32_BIT_CONVERSION = YES;
				GCC_WARN_ABOUT_RETURN_TYPE = YES_ERROR;
				GCC_WARN_UNDECLARED_SELECTOR = YES;
				GCC_WARN_UNINITIALIZED_AUTOS = YES_AGGRESSIVE;
				GCC_WARN_UNUSED_FUNCTION = YES;
				GCC_WARN_UNUSED_VARIABLE = YES;
				IPHONEOS_DEPLOYMENT_TARGET = 8.1;
				MTL_ENABLE_DEBUG_INFO = YES;
				ONLY_ACTIVE_ARCH = YES;
				SDKROOT = iphoneos;
			};
			name = Debug;
		};
		0B66AFD61A6E55040090E20A /* Release */ = {
			isa = XCBuildConfiguration;
			buildSettings = {
				ALWAYS_SEARCH_USER_PATHS = NO;
				CLANG_CXX_LANGUAGE_STANDARD = "gnu++0x";
				CLANG_CXX_LIBRARY = "libc++";
				CLANG_ENABLE_MODULES = YES;
				CLANG_ENABLE_OBJC_ARC = YES;
				CLANG_WARN_BOOL_CONVERSION = YES;
				CLANG_WARN_CONSTANT_CONVERSION = YES;
				CLANG_WARN_DIRECT_OBJC_ISA_USAGE = YES_ERROR;
				CLANG_WARN_EMPTY_BODY = YES;
				CLANG_WARN_ENUM_CONVERSION = YES;
				CLANG_WARN_INT_CONVERSION = YES;
				CLANG_WARN_OBJC_ROOT_CLASS = YES_ERROR;
				CLANG_WARN_UNREACHABLE_CODE = YES;
				CLANG_WARN__DUPLICATE_METHOD_MATCH = YES;
				"CODE_SIGN_IDENTITY[sdk=iphoneos*]" = "iPhone Developer";
				COPY_PHASE_STRIP = YES;
				ENABLE_NS_ASSERTIONS = NO;
				ENABLE_STRICT_OBJC_MSGSEND = YES;
				GCC_C_LANGUAGE_STANDARD = gnu99;
				GCC_WARN_64_TO_32_BIT_CONVERSION = YES;
				GCC_WARN_ABOUT_RETURN_TYPE = YES_ERROR;
				GCC_WARN_UNDECLARED_SELECTOR = YES;
				GCC_WARN_UNINITIALIZED_AUTOS = YES_AGGRESSIVE;
				GCC_WARN_UNUSED_FUNCTION = YES;
				GCC_WARN_UNUSED_VARIABLE = YES;
				IPHONEOS_DEPLOYMENT_TARGET = 8.1;
				MTL_ENABLE_DEBUG_INFO = NO;
				SDKROOT = iphoneos;
				VALIDATE_PRODUCT = YES;
			};
			name = Release;
		};
		0B66AFD81A6E55040090E20A /* Debug */ = {
			isa = XCBuildConfiguration;
			buildSettings = {
				ASSETCATALOG_COMPILER_APPICON_NAME = AppIcon;
				INFOPLIST_FILE = "Places Dynamic/Info.plist";
				LD_RUNPATH_SEARCH_PATHS = "$(inherited) @executable_path/Frameworks";
				PRODUCT_NAME = "$(TARGET_NAME)";
			};
			name = Debug;
		};
		0B66AFD91A6E55040090E20A /* Release */ = {
			isa = XCBuildConfiguration;
			buildSettings = {
				ASSETCATALOG_COMPILER_APPICON_NAME = AppIcon;
				INFOPLIST_FILE = "Places Dynamic/Info.plist";
				LD_RUNPATH_SEARCH_PATHS = "$(inherited) @executable_path/Frameworks";
				PRODUCT_NAME = "$(TARGET_NAME)";
			};
			name = Release;
		};
		0B66AFDB1A6E55040090E20A /* Debug */ = {
			isa = XCBuildConfiguration;
			buildSettings = {
				BUNDLE_LOADER = "$(TEST_HOST)";
				FRAMEWORK_SEARCH_PATHS = (
					"$(SDKROOT)/Developer/Library/Frameworks",
					"$(inherited)",
				);
				GCC_PREPROCESSOR_DEFINITIONS = (
					"DEBUG=1",
					"$(inherited)",
				);
				INFOPLIST_FILE = "Places DynamicTests/Info.plist";
				LD_RUNPATH_SEARCH_PATHS = "$(inherited) @executable_path/Frameworks @loader_path/Frameworks";
				PRODUCT_NAME = "$(TARGET_NAME)";
				TEST_HOST = "$(BUILT_PRODUCTS_DIR)/Places Dynamic.app/Places Dynamic";
			};
			name = Debug;
		};
		0B66AFDC1A6E55040090E20A /* Release */ = {
			isa = XCBuildConfiguration;
			buildSettings = {
				BUNDLE_LOADER = "$(TEST_HOST)";
				FRAMEWORK_SEARCH_PATHS = (
					"$(SDKROOT)/Developer/Library/Frameworks",
					"$(inherited)",
				);
				INFOPLIST_FILE = "Places DynamicTests/Info.plist";
				LD_RUNPATH_SEARCH_PATHS = "$(inherited) @executable_path/Frameworks @loader_path/Frameworks";
				PRODUCT_NAME = "$(TARGET_NAME)";
				TEST_HOST = "$(BUILT_PRODUCTS_DIR)/Places Dynamic.app/Places Dynamic";
			};
			name = Release;
		};
/* End XCBuildConfiguration section */

/* Begin XCConfigurationList section */
		0B66AFAF1A6E55040090E20A /* Build configuration list for PBXProject "Places Dynamic" */ = {
			isa = XCConfigurationList;
			buildConfigurations = (
				0B66AFD51A6E55040090E20A /* Debug */,
				0B66AFD61A6E55040090E20A /* Release */,
			);
			defaultConfigurationIsVisible = 0;
			defaultConfigurationName = Release;
		};
		0B66AFD71A6E55040090E20A /* Build configuration list for PBXNativeTarget "Places Dynamic" */ = {
			isa = XCConfigurationList;
			buildConfigurations = (
				0B66AFD81A6E55040090E20A /* Debug */,
				0B66AFD91A6E55040090E20A /* Release */,
			);
			defaultConfigurationIsVisible = 0;
			defaultConfigurationName = Release;
		};
		0B66AFDA1A6E55040090E20A /* Build configuration list for PBXNativeTarget "Places DynamicTests" */ = {
			isa = XCConfigurationList;
			buildConfigurations = (
				0B66AFDB1A6E55040090E20A /* Debug */,
				0B66AFDC1A6E55040090E20A /* Release */,
			);
			defaultConfigurationIsVisible = 0;
			defaultConfigurationName = Release;
		};
/* End XCConfigurationList section */
	};
	rootObject = 0B66AFAC1A6E55040090E20A /* Project object */;
}
